
Microsoft Visual Studio Solution File, Format Version 12.00
# Visual Studio Version 16
VisualStudioVersion = 16.0.30907.101
MinimumVisualStudioVersion = 10.0.40219.1
Project("{2150E333-8FDC-42A3-9474-1A3956D46DE8}") = "Solution Items", "Solution Items", "{BE37AC04-4D62-4416-AAA7-264DE1437D44}"
	ProjectSection(SolutionItems) = preProject
		README.md = README.md
	EndProjectSection
EndProject
Project("{2150E333-8FDC-42A3-9474-1A3956D46DE8}") = "Kafka", "Kafka", "{17797F00-5079-413A-8DFC-86BE61EC56D9}"
EndProject
Project("{9A19103F-16F7-4668-BE54-9A1E7A4F7556}") = "CallTracking.Kafka.Common", "CallTracking.Kafka\CallTracking.Kafka.Common.csproj", "{2946BA64-06A5-41E3-9FC5-ACB654F35636}"
EndProject
Project("{2150E333-8FDC-42A3-9474-1A3956D46DE8}") = "Kafka.Messaging", "Kafka.Messaging", "{F4E78CDF-A3E5-4637-BB4E-804068992AFB}"
EndProject
Project("{2150E333-8FDC-42A3-9474-1A3956D46DE8}") = "Consumers", "Consumers", "{0FF6758C-C834-4E07-8996-54ACB84998B1}"
EndProject
Project("{9A19103F-16F7-4668-BE54-9A1E7A4F7556}") = "CallTracking.FSConsumerWorker", "CallTracking.FSConsumerWorker\CallTracking.FSConsumerWorker.csproj", "{EF086091-442C-412B-9E85-7AB804856B5B}"
EndProject
Project("{E53339B2-1760-4266-BCC7-CA923CBCF16C}") = "docker-compose", "docker-compose.dcproj", "{D4F43134-66FC-4955-864E-B87F0B762130}"
EndProject
Project("{2150E333-8FDC-42A3-9474-1A3956D46DE8}") = "Voice", "Voice", "{DA0B81FB-A1F5-48DA-8F12-59EEA04DFB2E}"
EndProject
Project("{2150E333-8FDC-42A3-9474-1A3956D46DE8}") = "FreeSWITCH", "FreeSWITCH", "{A2624804-1B49-4324-A2EF-E07760B8C6E5}"
	ProjectSection(SolutionItems) = preProject
		Voice\FreeSWITCH\docker-entrypoint.sh = Voice\FreeSWITCH\docker-entrypoint.sh
		Voice\FreeSWITCH\Dockerfile = Voice\FreeSWITCH\Dockerfile
	EndProjectSection
EndProject
Project("{2150E333-8FDC-42A3-9474-1A3956D46DE8}") = "configs", "configs", "{5E3ED70D-61AC-4985-8767-3ED255E554BE}"
	ProjectSection(SolutionItems) = preProject
		Voice\FreeSWITCH\configs\acl.conf.xml = Voice\FreeSWITCH\configs\acl.conf.xml
		Voice\FreeSWITCH\configs\event_socket.conf.xml = Voice\FreeSWITCH\configs\event_socket.conf.xml
		Voice\FreeSWITCH\configs\freeswitch.limits.conf = Voice\FreeSWITCH\configs\freeswitch.limits.conf
	EndProjectSection
EndProject
Project("{2150E333-8FDC-42A3-9474-1A3956D46DE8}") = "Producers", "Producers", "{30D2AA72-79FF-4D0F-BA34-0812366C2ABE}"
EndProject
Project("{9A19103F-16F7-4668-BE54-9A1E7A4F7556}") = "CallTracking.FSProducerWorker", "CallTracking.FSProducerWorker\CallTracking.FSProducerWorker.csproj", "{A556F972-987E-4998-B767-FBB3793EA0D0}"
EndProject
Project("{2150E333-8FDC-42A3-9474-1A3956D46DE8}") = "Kafka.Common", "Kafka.Common", "{CC468CC8-5474-4FBF-9A76-11D11C50DFC9}"
EndProject
Project("{2150E333-8FDC-42A3-9474-1A3956D46DE8}") = "NEventSocket", "NEventSocket", "{C5B2A0B6-E462-49C6-AB04-11F943571DEA}"
EndProject
Project("{2150E333-8FDC-42A3-9474-1A3956D46DE8}") = "NEventSocket.Common", "NEventSocket.Common", "{7FD62E62-129F-4921-82DA-39EF03BC8C21}"
EndProject
Project("{9A19103F-16F7-4668-BE54-9A1E7A4F7556}") = "CallTraking.NEventSocket.Common", "CallTraking.NEventSocket.Common\CallTraking.NEventSocket.Common.csproj", "{1594A3F9-001F-4CBB-8B77-5B7DABEF9CF9}"
EndProject
Global
	GlobalSection(SolutionConfigurationPlatforms) = preSolution
		Debug|Any CPU = Debug|Any CPU
		Release|Any CPU = Release|Any CPU
	EndGlobalSection
	GlobalSection(ProjectConfigurationPlatforms) = postSolution
		{2946BA64-06A5-41E3-9FC5-ACB654F35636}.Debug|Any CPU.ActiveCfg = Debug|Any CPU
		{2946BA64-06A5-41E3-9FC5-ACB654F35636}.Debug|Any CPU.Build.0 = Debug|Any CPU
		{2946BA64-06A5-41E3-9FC5-ACB654F35636}.Release|Any CPU.ActiveCfg = Release|Any CPU
		{2946BA64-06A5-41E3-9FC5-ACB654F35636}.Release|Any CPU.Build.0 = Release|Any CPU
		{EF086091-442C-412B-9E85-7AB804856B5B}.Debug|Any CPU.ActiveCfg = Debug|Any CPU
		{EF086091-442C-412B-9E85-7AB804856B5B}.Debug|Any CPU.Build.0 = Debug|Any CPU
		{EF086091-442C-412B-9E85-7AB804856B5B}.Release|Any CPU.ActiveCfg = Release|Any CPU
		{EF086091-442C-412B-9E85-7AB804856B5B}.Release|Any CPU.Build.0 = Release|Any CPU
		{D4F43134-66FC-4955-864E-B87F0B762130}.Debug|Any CPU.ActiveCfg = Debug|Any CPU
		{D4F43134-66FC-4955-864E-B87F0B762130}.Debug|Any CPU.Build.0 = Debug|Any CPU
		{D4F43134-66FC-4955-864E-B87F0B762130}.Release|Any CPU.ActiveCfg = Release|Any CPU
		{D4F43134-66FC-4955-864E-B87F0B762130}.Release|Any CPU.Build.0 = Release|Any CPU
		{A556F972-987E-4998-B767-FBB3793EA0D0}.Debug|Any CPU.ActiveCfg = Debug|Any CPU
		{A556F972-987E-4998-B767-FBB3793EA0D0}.Debug|Any CPU.Build.0 = Debug|Any CPU
		{A556F972-987E-4998-B767-FBB3793EA0D0}.Release|Any CPU.ActiveCfg = Release|Any CPU
		{A556F972-987E-4998-B767-FBB3793EA0D0}.Release|Any CPU.Build.0 = Release|Any CPU
		{1594A3F9-001F-4CBB-8B77-5B7DABEF9CF9}.Debug|Any CPU.ActiveCfg = Debug|Any CPU
		{1594A3F9-001F-4CBB-8B77-5B7DABEF9CF9}.Debug|Any CPU.Build.0 = Debug|Any CPU
		{1594A3F9-001F-4CBB-8B77-5B7DABEF9CF9}.Release|Any CPU.ActiveCfg = Release|Any CPU
		{1594A3F9-001F-4CBB-8B77-5B7DABEF9CF9}.Release|Any CPU.Build.0 = Release|Any CPU
	EndGlobalSection
	GlobalSection(SolutionProperties) = preSolution
		HideSolutionNode = FALSE
	EndGlobalSection
	GlobalSection(NestedProjects) = preSolution
		{2946BA64-06A5-41E3-9FC5-ACB654F35636} = {CC468CC8-5474-4FBF-9A76-11D11C50DFC9}
		{F4E78CDF-A3E5-4637-BB4E-804068992AFB} = {17797F00-5079-413A-8DFC-86BE61EC56D9}
		{EF086091-442C-412B-9E85-7AB804856B5B} = {0FF6758C-C834-4E07-8996-54ACB84998B1}
		{A2624804-1B49-4324-A2EF-E07760B8C6E5} = {DA0B81FB-A1F5-48DA-8F12-59EEA04DFB2E}
		{5E3ED70D-61AC-4985-8767-3ED255E554BE} = {A2624804-1B49-4324-A2EF-E07760B8C6E5}
		{A556F972-987E-4998-B767-FBB3793EA0D0} = {30D2AA72-79FF-4D0F-BA34-0812366C2ABE}
		{CC468CC8-5474-4FBF-9A76-11D11C50DFC9} = {17797F00-5079-413A-8DFC-86BE61EC56D9}
		{7FD62E62-129F-4921-82DA-39EF03BC8C21} = {C5B2A0B6-E462-49C6-AB04-11F943571DEA}
		{1594A3F9-001F-4CBB-8B77-5B7DABEF9CF9} = {7FD62E62-129F-4921-82DA-39EF03BC8C21}
	EndGlobalSection
	GlobalSection(ExtensibilityGlobals) = postSolution
		SolutionGuid = {26561E4E-45EC-45FA-8E45-EAECBFDB7857}
	EndGlobalSection
EndGlobal
